
Microsoft Visual Studio Solution File, Format Version 12.00
# Visual Studio Version 17
VisualStudioVersion = 17.6.33829.357
MinimumVisualStudioVersion = 10.0.40219.1
Project("{FAE04EC0-301F-11D3-BF4B-00C04F79EFBC}") = "jogoAdivinhacao", "jogoAdivinhacao\jogoAdivinhacao.csproj", "{342F0F25-53B8-4C1A-86A9-769A39B9829A}"
EndProject
Global
	GlobalSection(SolutionConfigurationPlatforms) = preSolution
		Debug|Any CPU = Debug|Any CPU
		Release|Any CPU = Release|Any CPU
	EndGlobalSection
	GlobalSection(ProjectConfigurationPlatforms) = postSolution
		{342F0F25-53B8-4C1A-86A9-769A39B9829A}.Debug|Any CPU.ActiveCfg = Debug|Any CPU
		{342F0F25-53B8-4C1A-86A9-769A39B9829A}.Debug|Any CPU.Build.0 = Debug|Any CPU
		{342F0F25-53B8-4C1A-86A9-769A39B9829A}.Release|Any CPU.ActiveCfg = Release|Any CPU
		{342F0F25-53B8-4C1A-86A9-769A39B9829A}.Release|Any CPU.Build.0 = Release|Any CPU
	EndGlobalSection
	GlobalSection(SolutionProperties) = preSolution
		HideSolutionNode = FALSE
	EndGlobalSection
	GlobalSection(ExtensibilityGlobals) = postSolution
		SolutionGuid = {DA18F86C-228B-4653-886A-24AF164632A8}
	EndGlobalSection
EndGlobal
